
Microsoft Visual Studio Solution File, Format Version 12.00
# Visual Studio Version 17
VisualStudioVersion = 17.13.35919.96 d17.13
MinimumVisualStudioVersion = 10.0.40219.1
Project("{FAE04EC0-301F-11D3-BF4B-00C04F79EFBC}") = "Tilebuilder", "Tilebuilder\Tilebuilder.csproj", "{262CA0C7-8186-4E5E-8D99-E3C917059987}"
EndProject
Global
	GlobalSection(SolutionConfigurationPlatforms) = preSolution
		Debug|Any CPU = Debug|Any CPU
		Release|Any CPU = Release|Any CPU
	EndGlobalSection
	GlobalSection(ProjectConfigurationPlatforms) = postSolution
		{262CA0C7-8186-4E5E-8D99-E3C917059987}.Debug|Any CPU.ActiveCfg = Debug|Any CPU
		{262CA0C7-8186-4E5E-8D99-E3C917059987}.Debug|Any CPU.Build.0 = Debug|Any CPU
		{262CA0C7-8186-4E5E-8D99-E3C917059987}.Release|Any CPU.ActiveCfg = Release|Any CPU
		{262CA0C7-8186-4E5E-8D99-E3C917059987}.Release|Any CPU.Build.0 = Release|Any CPU
	EndGlobalSection
	GlobalSection(SolutionProperties) = preSolution
		HideSolutionNode = FALSE
	EndGlobalSection
	GlobalSection(ExtensibilityGlobals) = postSolution
		SolutionGuid = {C5258988-9C04-4A4C-B6E2-992CFCFDF7ED}
	EndGlobalSection
EndGlobal
